schema: '2.0'
stages:
  extract:
    cmd: python model_experiment/extract_data.py
    deps:
    - path: configs/config.yml
      hash: md5
      md5: 07e9080fff841b680e60a50b12ebc260
      size: 816
    - path: model_experiment/extract_data.py
      hash: md5
      md5: fb2a2197b7f7531431153d5e1b64319b
      size: 1298
    outs:
    - path: data_local/production/cleaned_data.csv
      hash: md5
      md5: 4bc1dc90659f6411149a74d1ced32f52
      size: 8175950
  train:
    cmd: python model_experiment/train.py
    deps:
    - path: data_local/production/cleaned_data.csv
      hash: md5
      md5: 4bc1dc90659f6411149a74d1ced32f52
      size: 8175950
    - path: model_experiment/config.py
      hash: md5
      md5: 0927835c4f65d930fe8ec9ea67a6a6e1
      size: 545
    - path: model_experiment/dataloader.py
      hash: md5
      md5: 79b1cf844e294ce9cbf7836c90446382
      size: 918
    - path: model_experiment/model.py
      hash: md5
      md5: 5ce869c5ed4c16f13e203cb5d05c70bd
      size: 674
    - path: model_experiment/train.py
      hash: md5
      md5: 03c1b4ecb6eaf2ae2c6fbbcc17cc2d36
      size: 3998
    outs:
    - path: metrics/train_metrics.json
      hash: md5
      md5: db244b75196d2eb2ab6e9bad46c48830
      size: 55
    - path: model_checkpoints/
      hash: md5
      md5: 499c13bbe5ee83ff33f9db3ec4d91831.dir
      size: 549905728
      nfiles: 2
  evaluate:
    cmd: python model_experiment/evaluate.py
    deps:
    - path: data_local/production/cleaned_data.csv
      hash: md5
      md5: 4bc1dc90659f6411149a74d1ced32f52
      size: 8175950
    - path: model_checkpoints/
      hash: md5
      md5: 499c13bbe5ee83ff33f9db3ec4d91831.dir
      size: 549905728
      nfiles: 2
    - path: model_experiment/config.py
      hash: md5
      md5: 0927835c4f65d930fe8ec9ea67a6a6e1
      size: 545
    - path: model_experiment/evaluate.py
      hash: md5
      md5: 3992a697b7dbb163be06425e04723d54
      size: 2350
    - path: model_experiment/model.py
      hash: md5
      md5: 5ce869c5ed4c16f13e203cb5d05c70bd
      size: 674
    outs:
    - path: metrics/eval_metrics.json
      hash: md5
      md5: 4daba089fb87146058ec1416a0f60fef
      size: 772
  register:
    cmd: python model_experiment/register_model.py
    deps:
    - path: metrics/eval_metrics.json
      hash: md5
      md5: 4daba089fb87146058ec1416a0f60fef
      size: 772
      isexec: true
    - path: model_checkpoints/
      hash: md5
      md5: 499c13bbe5ee83ff33f9db3ec4d91831.dir
      size: 549905728
      nfiles: 2
    - path: model_experiment/config.py
      hash: md5
      md5: 0927835c4f65d930fe8ec9ea67a6a6e1
      size: 545
    - path: model_experiment/register_model.py
      hash: md5
      md5: adac25df93d397b43ef9a65e1e445ab5
      size: 2312
